
Microsoft Visual Studio Solution File, Format Version 12.00
# Visual Studio Version 16
VisualStudioVersion = 16.0.30114.105
MinimumVisualStudioVersion = 10.0.40219.1
Project("{FAE04EC0-301F-11D3-BF4B-00C04F79EFBC}") = "RiskyAssembler.Core", "RiskyAssembler.Core\RiskyAssembler.Core.csproj", "{89D41F69-19A0-4835-BA0C-3D112ECFA3B7}"
EndProject
Project("{FAE04EC0-301F-11D3-BF4B-00C04F79EFBC}") = "RiskyAssembler.Core.Tests", "RiskyAssembler.Core.Tests\RiskyAssembler.Core.Tests.csproj", "{A4112952-C390-41FA-BEB7-DE207C4AC10D}"
EndProject
Project("{FAE04EC0-301F-11D3-BF4B-00C04F79EFBC}") = "RiskyAssembler.Console", "RiskyAssembler.Console\RiskyAssembler.Console.csproj", "{C76E8B35-C9AA-4133-A5F9-11FD2B115EDD}"
EndProject
Project("{FAE04EC0-301F-11D3-BF4B-00C04F79EFBC}") = "RiskyAssembler.Assembler", "RiskyAssembler.Assembler\RiskyAssembler.Assembler.csproj", "{D5B60393-CC91-4724-9F75-0DE4AADA2F41}"
EndProject
Global
	GlobalSection(SolutionConfigurationPlatforms) = preSolution
		Debug|Any CPU = Debug|Any CPU
		Release|Any CPU = Release|Any CPU
	EndGlobalSection
	GlobalSection(SolutionProperties) = preSolution
		HideSolutionNode = FALSE
	EndGlobalSection
	GlobalSection(ProjectConfigurationPlatforms) = postSolution
		{89D41F69-19A0-4835-BA0C-3D112ECFA3B7}.Debug|Any CPU.ActiveCfg = Debug|Any CPU
		{89D41F69-19A0-4835-BA0C-3D112ECFA3B7}.Debug|Any CPU.Build.0 = Debug|Any CPU
		{89D41F69-19A0-4835-BA0C-3D112ECFA3B7}.Release|Any CPU.ActiveCfg = Release|Any CPU
		{89D41F69-19A0-4835-BA0C-3D112ECFA3B7}.Release|Any CPU.Build.0 = Release|Any CPU
		{A4112952-C390-41FA-BEB7-DE207C4AC10D}.Debug|Any CPU.ActiveCfg = Debug|Any CPU
		{A4112952-C390-41FA-BEB7-DE207C4AC10D}.Debug|Any CPU.Build.0 = Debug|Any CPU
		{A4112952-C390-41FA-BEB7-DE207C4AC10D}.Release|Any CPU.ActiveCfg = Release|Any CPU
		{A4112952-C390-41FA-BEB7-DE207C4AC10D}.Release|Any CPU.Build.0 = Release|Any CPU
		{C76E8B35-C9AA-4133-A5F9-11FD2B115EDD}.Debug|Any CPU.ActiveCfg = Debug|Any CPU
		{C76E8B35-C9AA-4133-A5F9-11FD2B115EDD}.Debug|Any CPU.Build.0 = Debug|Any CPU
		{C76E8B35-C9AA-4133-A5F9-11FD2B115EDD}.Release|Any CPU.ActiveCfg = Release|Any CPU
		{C76E8B35-C9AA-4133-A5F9-11FD2B115EDD}.Release|Any CPU.Build.0 = Release|Any CPU
		{D5B60393-CC91-4724-9F75-0DE4AADA2F41}.Debug|Any CPU.ActiveCfg = Debug|Any CPU
		{D5B60393-CC91-4724-9F75-0DE4AADA2F41}.Debug|Any CPU.Build.0 = Debug|Any CPU
		{D5B60393-CC91-4724-9F75-0DE4AADA2F41}.Release|Any CPU.ActiveCfg = Release|Any CPU
		{D5B60393-CC91-4724-9F75-0DE4AADA2F41}.Release|Any CPU.Build.0 = Release|Any CPU
	EndGlobalSection
EndGlobal
